
Microsoft Visual Studio Solution File, Format Version 12.00
# Visual Studio Version 16
VisualStudioVersion = 16.0.29326.143
MinimumVisualStudioVersion = 10.0.40219.1
Project("{FAE04EC0-301F-11D3-BF4B-00C04F79EFBC}") = "LoginUser", "LoginUser\LoginUser.csproj", "{C75D231C-D348-4826-9EDD-028727E9B5E4}"
	ProjectSection(ProjectDependencies) = postProject
		{CF32A6ED-765D-4FC3-AE9E-01CEAE51EDEE} = {CF32A6ED-765D-4FC3-AE9E-01CEAE51EDEE}
	EndProjectSection
EndProject
Project("{FAE04EC0-301F-11D3-BF4B-00C04F79EFBC}") = "SeleccionarProfile", "SeleccionarProfile\SeleccionarProfile.csproj", "{CF32A6ED-765D-4FC3-AE9E-01CEAE51EDEE}"
EndProject
Project("{FAE04EC0-301F-11D3-BF4B-00C04F79EFBC}") = "ProyectoWPF", "ProyectoWPF\ProyectoWPF.csproj", "{46337B68-8BC0-4EE1-84B7-D92EF2793034}"
EndProject
Project("{FAE04EC0-301F-11D3-BF4B-00C04F79EFBC}") = "Reproductor", "Reproductor\Reproductor.csproj", "{5532C692-67DB-40F2-B3FF-A1F920FEB517}"
EndProject
Project("{54435603-DBB4-11D2-8724-00A0C9A8B90C}") = "Instalador", "Instalador\Instalador.vdproj", "{CF3F0F3E-3FAF-4796-A8F2-7B80F53830B2}"
EndProject
Global
	GlobalSection(SolutionConfigurationPlatforms) = preSolution
		Debug|Any CPU = Debug|Any CPU
		Release|Any CPU = Release|Any CPU
	EndGlobalSection
	GlobalSection(ProjectConfigurationPlatforms) = postSolution
		{C75D231C-D348-4826-9EDD-028727E9B5E4}.Debug|Any CPU.ActiveCfg = Debug|Any CPU
		{C75D231C-D348-4826-9EDD-028727E9B5E4}.Debug|Any CPU.Build.0 = Debug|Any CPU
		{C75D231C-D348-4826-9EDD-028727E9B5E4}.Release|Any CPU.ActiveCfg = Release|Any CPU
		{C75D231C-D348-4826-9EDD-028727E9B5E4}.Release|Any CPU.Build.0 = Release|Any CPU
		{CF32A6ED-765D-4FC3-AE9E-01CEAE51EDEE}.Debug|Any CPU.ActiveCfg = Debug|Any CPU
		{CF32A6ED-765D-4FC3-AE9E-01CEAE51EDEE}.Debug|Any CPU.Build.0 = Debug|Any CPU
		{CF32A6ED-765D-4FC3-AE9E-01CEAE51EDEE}.Release|Any CPU.ActiveCfg = Release|Any CPU
		{CF32A6ED-765D-4FC3-AE9E-01CEAE51EDEE}.Release|Any CPU.Build.0 = Release|Any CPU
		{46337B68-8BC0-4EE1-84B7-D92EF2793034}.Debug|Any CPU.ActiveCfg = Debug|Any CPU
		{46337B68-8BC0-4EE1-84B7-D92EF2793034}.Debug|Any CPU.Build.0 = Debug|Any CPU
		{46337B68-8BC0-4EE1-84B7-D92EF2793034}.Release|Any CPU.ActiveCfg = Release|Any CPU
		{46337B68-8BC0-4EE1-84B7-D92EF2793034}.Release|Any CPU.Build.0 = Release|Any CPU
		{5532C692-67DB-40F2-B3FF-A1F920FEB517}.Debug|Any CPU.ActiveCfg = Debug|Any CPU
		{5532C692-67DB-40F2-B3FF-A1F920FEB517}.Debug|Any CPU.Build.0 = Debug|Any CPU
		{5532C692-67DB-40F2-B3FF-A1F920FEB517}.Release|Any CPU.ActiveCfg = Release|Any CPU
		{5532C692-67DB-40F2-B3FF-A1F920FEB517}.Release|Any CPU.Build.0 = Release|Any CPU
		{CF3F0F3E-3FAF-4796-A8F2-7B80F53830B2}.Debug|Any CPU.ActiveCfg = Debug
		{CF3F0F3E-3FAF-4796-A8F2-7B80F53830B2}.Release|Any CPU.ActiveCfg = Release
	EndGlobalSection
	GlobalSection(SolutionProperties) = preSolution
		HideSolutionNode = FALSE
	EndGlobalSection
	GlobalSection(ExtensibilityGlobals) = postSolution
		SolutionGuid = {EDA01321-1CD9-466A-B220-D2C4673E1784}
	EndGlobalSection
EndGlobal
