
Microsoft Visual Studio Solution File, Format Version 12.00
# Visual Studio Version 16
VisualStudioVersion = 16.0.29326.143
MinimumVisualStudioVersion = 10.0.40219.1
Project("{FAE04EC0-301F-11D3-BF4B-00C04F79EFBC}") = "ProyectoWPF", "ProyectoWPF\ProyectoWPF.csproj", "{46337B68-8BC0-4EE1-84B7-D92EF2793034}"
EndProject
Project("{FAE04EC0-301F-11D3-BF4B-00C04F79EFBC}") = "Login", "Login\Login.csproj", "{268EFC0E-2D48-480F-A034-903B106751E1}"
EndProject
Global
	GlobalSection(SolutionConfigurationPlatforms) = preSolution
		Debug|Any CPU = Debug|Any CPU
		Release|Any CPU = Release|Any CPU
	EndGlobalSection
	GlobalSection(ProjectConfigurationPlatforms) = postSolution
		{46337B68-8BC0-4EE1-84B7-D92EF2793034}.Debug|Any CPU.ActiveCfg = Debug|Any CPU
		{46337B68-8BC0-4EE1-84B7-D92EF2793034}.Debug|Any CPU.Build.0 = Debug|Any CPU
		{46337B68-8BC0-4EE1-84B7-D92EF2793034}.Release|Any CPU.ActiveCfg = Release|Any CPU
		{46337B68-8BC0-4EE1-84B7-D92EF2793034}.Release|Any CPU.Build.0 = Release|Any CPU
		{268EFC0E-2D48-480F-A034-903B106751E1}.Debug|Any CPU.ActiveCfg = Debug|Any CPU
		{268EFC0E-2D48-480F-A034-903B106751E1}.Debug|Any CPU.Build.0 = Debug|Any CPU
		{268EFC0E-2D48-480F-A034-903B106751E1}.Release|Any CPU.ActiveCfg = Release|Any CPU
		{268EFC0E-2D48-480F-A034-903B106751E1}.Release|Any CPU.Build.0 = Release|Any CPU
	EndGlobalSection
	GlobalSection(SolutionProperties) = preSolution
		HideSolutionNode = FALSE
	EndGlobalSection
	GlobalSection(ExtensibilityGlobals) = postSolution
		SolutionGuid = {EDA01321-1CD9-466A-B220-D2C4673E1784}
	EndGlobalSection
EndGlobal
